
Microsoft Visual Studio Solution File, Format Version 12.00
# Visual Studio Version 17
VisualStudioVersion = 17.14.36414.22 d17.14
MinimumVisualStudioVersion = 10.0.40219.1
Project("{FAE04EC0-301F-11D3-BF4B-00C04F79EFBC}") = "AlgoMonster", "AlgoMonster\AlgoMonster.csproj", "{9A145636-0ED8-468A-A205-6891AC07D85F}"
EndProject
Global
	GlobalSection(SolutionConfigurationPlatforms) = preSolution
		Debug|Any CPU = Debug|Any CPU
		Release|Any CPU = Release|Any CPU
	EndGlobalSection
	GlobalSection(ProjectConfigurationPlatforms) = postSolution
		{9A145636-0ED8-468A-A205-6891AC07D85F}.Debug|Any CPU.ActiveCfg = Debug|Any CPU
		{9A145636-0ED8-468A-A205-6891AC07D85F}.Debug|Any CPU.Build.0 = Debug|Any CPU
		{9A145636-0ED8-468A-A205-6891AC07D85F}.Release|Any CPU.ActiveCfg = Release|Any CPU
		{9A145636-0ED8-468A-A205-6891AC07D85F}.Release|Any CPU.Build.0 = Release|Any CPU
	EndGlobalSection
	GlobalSection(SolutionProperties) = preSolution
		HideSolutionNode = FALSE
	EndGlobalSection
	GlobalSection(ExtensibilityGlobals) = postSolution
		SolutionGuid = {84862CEF-0775-42F7-888D-9CABF920D3B4}
	EndGlobalSection
EndGlobal
